(setq el-get-lock-package-versions
      '((emacs-rotate :checksum "091b5ac4fc310773253efb317e3dbe8e46959ba6")
        (dired+ :checksum "c9c403d034f4ff478206bd0f51dc8d94014833bd")
        (owdriver :checksum "0479389d9df9e70ff9ce69dff06252d3aa40fc86")
        (yaxception :checksum "4e94cf3e0b9b5631b0e90eb4b7de597ee7185875")
        (log4e :checksum "6592682ab7de0e3d1915aa4d3c53e083be79fbeb")
        (anything-config :checksum "e3edc9b406a8faca3d4a5527c9bd8aa66aba5a96")
        (git-gutter-fringe :checksum "dbcaaba83a5fc3e23a735e871e8f31068b92228a")
        (fringe-helper :checksum "ef4a9c023bae18ec1ddd7265f1f2d6d2e775efdd")
        (ddskk :checksum "fa713612fbf12a599b20f31e0aa6f35931bc92a0")
        (emacs-async :checksum "22de0f5792c9140f1da7c7459f30da0863b07e78")
        (with-editor :checksum "580f225a6c4476feb36b707c6c705b027339717b")
        (flycheck :checksum "f2207c1ec455d75bd06458cf0f6af3b3b40c7ad7")
        (smart-newline :checksum "f5f5ff033645aea0652aa375b034746754a38b1e")
        (robe :checksum "af3d1a8deb7f1531b95112b955fce91d5f5d1ea6")
        (inf-ruby :checksum "24c08fca2a18b76a3a200c79bdb5e41b50e04296")
        (rbenv :checksum "2ea1a5bdc1266caef1dd77700f2c8f42429b03f1")
        (rspec-mode :checksum "68c85ac4e0ed1817f68e7039d0ff87bc3b8d1688")
        (esup :checksum "fc061f30c5c68a4104333b65a55c51589a89f231")
        (magit :checksum "07b20fac959108f113390c25192c633fe86b0efa")
        (git-commit-mode :checksum "0bcbffd05ffa82fa788e0c8e63c03dd072f42bf9")
        (haskell-mode :checksum "fae18756f53ef2f7ff135b6bc746e100a5fdc2dd")
        (clojure-mode :checksum "f825d6a2afdd22a09299ab9dfaab0080b2e15969")
        (markdown-mode :checksum "1b21b1fa333d9384942aa74b0ad0fea8c701dee3")
        (yascroll :checksum "f7743df1cf6d8e55607141d1ea5f50b562582c51")
        (smooth-scroll :checksum "db1e2a5372c91c973d5d3579898c657fb865f556")
        (linum-ex :checksum "1e0a6c7e363e8295eff4a981bc42b5656c1ca401")
        (volatile-highlights :checksum "fb2abc2d4d4051a9a6b7c8de2fe7564161f01f24")
        (yaml-mode :checksum "49668547e1891cb68d2bbbc650acbfa208012f2b")
        (php-mode :checksum "9b1e7736ce014f26f40635af3c781127a5e32dfa")
        (web-mode :checksum "71aebc9f003dccce021be917deb58e9c0dd5c704")
        (git-modes :checksum "9d8f6eda6ee97963e4085da8988cad2c0547b8df")
        (exec-path-from-shell :checksum "673f1fc0606ca9a30eb62cb1ac2094d15ab9377e")
        (helm-open-github :checksum "4c5a47003b2efed1c3437e91121a77d082cf64c8")
        (gh :checksum "3ceef078d9418cf19e1fe6be15cf34794a14880a")
        (request :checksum "adf7de452f9914406bfb693541f1d280093c4efd")
        (deferred :checksum "01710a52a1206a0da1374335e6b89ad5aed92160")
        (logito :checksum "824acb89d2cc18cb47281a4fbddd81ad244a2052")
        (pcache :checksum "4b090f46182fd2ed1f44905dc04acc3121bcf622")
        (helm :checksum "a4b07b9d7b229713ee584b2bf9a6abd8cb14fdcc")
        (anything-git-files :checksum "efeec4f8001e2a95f36a9c31181bb30f7561015c")
        (anzu :checksum "6fded24b366efc4cf27166104c1928f7d1fedaa7")
        (highlight-symbol :checksum "7a789c779648c55b16e43278e51be5898c121b3a")
        (auto-highlight-symbol :checksum "26573de912d760e04321b350897aea70958cee8b")
        (smartrep :checksum "f0ff5a6d7b8603603598ae3045c98b011e58d86e")
        (multiple-cursors :checksum "a393384b3508e7d8d721e66d2bfb97fa7153dd4f")
        (rainbow-delimiters :checksum "0823d0c67f935a4c36a1c945e93051102963c7fb")
        (ace-jump-mode :checksum "8351e2df4fbbeb2a4003f2fb39f46d33803f3dac")
        (smartparens :checksum "395615cfd6cfe1c771074eac67e2b8483bfd37ce")
        (expand-region :checksum "59f67115263676de5345581216640019975c4fda")
        (powerline :checksum "e886f6fe46c7413befb1de3799a185366fd8b39c")
        (popwin :checksum "95dea14c60019d6cccf9a3b33e0dec4e1f22c304")
        (undohist :checksum "d2239a5f736724ceb9e3b6bcaa86f4064805cda0")
        (wgrep :checksum "7ef26c51feaef8a5ec0929737130ab8ba326983c")
        (go-autocomplete :checksum "16e3f34ebd5212ede9b3ea39846c01be69933c16")
        (ruby-end :checksum "79b4ea788b9cae9282da809507d0a56aa9c057c8")
        (ruby-electric :checksum "98ddec7ade4038306690e93b8c5ec73a7c3011cf")
        (ruby-block :checksum "289c34dca6daa1a1591537e1c56b687c14631930")
        (rubocop :checksum "c54905256410ce2aed6725d5b5f7ed61d4ddc956")
        (slim-mode :checksum "869c84821cf3e556b380c5c35d8ad62287c4df58")
        (sass-mode :checksum "3da9040680880743fddb55a965ecd150d1039df6")
        (haml-mode :checksum "7717db6fa4a90d618b4a5e3fef2ac1d24ce39be3")
        (rhtml-mode :checksum "a6d71b38a3db867ccf82999c99805db1a3a33c33")
        (puppet-mode :checksum "268ec790603a4121f62822ca6c26e9038a1b0375")
        (motion-mode :checksum "4c94180e3ecea611a61240a0c0cd48f1032c4a55")
        (less-css-mode :checksum "d59a3ff4031ae75fbbe77b6cfce7843205394c28")
        (json-mode :checksum "ce275e004dc7265047a80dec68b24eb058b200f0")
        (json-reformat :checksum "b9bd375ec1deb10d2ba09c409bdcf99c56d7a716")
        (json-snatcher :checksum "c4cecc0a5051bd364373aa499c47a1bb7a5ac51c")
        (js2-mode :checksum "ae922a3bd6280c08cad858dcd85a6f0b4a63aa45")
        (go-mode :checksum "dccb56c1b1b85c3d7b3184a6606024077d4e1775")
        (coffee-mode :checksum "224467585cc83a15b087b9745b57044f3af2bba0")
        (undo-tree :checksum "a3e81b682053a81e082139300ef0a913a7a610a2")
        (zlc :checksum "4dd2ba267ecdeac845a7cbb3147294ee7daa25f4")
        (recentf-ext :checksum "495bfe07e8a759f1e6dfbd45e62ae2f72404ff79")
        (git-gutter :checksum "cb2b341162447bc04b6f561dbb2e5add9a24c134")
        (pkg-info :checksum "4dbe328c9eced79e0004e3fdcd7bfb997a928be5")
        (epl :checksum "a5ad061d0a5eb42f66c384e55d102da7d52c96b0")
        (seq :checksum "1349714b20daed2e62a21ebdd5244acc0ccbef0c")
        (color-theme :checksum "047d6cb207fdef66b25343479ebe09a1ed3954b5")
        (browse-kill-ring :checksum "66b5a0872b4278b49a815fc759c3eb48aebe10bf")
        (auto-complete :checksum "422e1a24b2e75bac25cf224191e306a645794e10")
        (popup :checksum "004d58c47f6406b6555cf112f8a6eed6114cb63b")
        (fuzzy :checksum "534d723ad2e06322ff8d9bd0ba4863d243f698e7")
        (key-chord :checksum "69f6d8097cedce8be75b3f8ebbd06830b28d2c46")
        (descbinds-anything :checksum "2b07a3f1ccb9eabacf35a55dacccd6d11f55f9a4")
        (anything :checksum "2d7e0450e13ab04b20f4dff08f32936e78677e58")
        (init-loader :checksum "1f28a0b801cbb08aa9b47fd15ceab243a2bc064c")
        (ag :checksum "4894b38feffc4c044f8cbaabf3033f49084dba2c")
        (s :checksum "372e94c1a28031686d75d6c52bfbe833a118a72a")
        (dash :checksum "8a46d3c7c126d3e979f7f9b36867a413694cd8df")))
(setq el-get-lock-locked-packages 'nil)
(setq el-get-lock-unlocked-packages 'nil)
